
Microsoft Visual Studio Solution File, Format Version 12.00
# Visual Studio Version 17
VisualStudioVersion = 17.6.33829.357
MinimumVisualStudioVersion = 10.0.40219.1
Project("{FAE04EC0-301F-11D3-BF4B-00C04F79EFBC}") = "01.Serialization", "01.Serialization\01.Serialization.csproj", "{BF2ECE9E-1B05-4E6E-B1EC-EA2E9A1F01D5}"
EndProject
Project("{FAE04EC0-301F-11D3-BF4B-00C04F79EFBC}") = "02.Serialization", "02.Serialization\02.Serialization.csproj", "{2357DA88-925E-4813-80C5-60A896E90A96}"
EndProject
Project("{FAE04EC0-301F-11D3-BF4B-00C04F79EFBC}") = "03.Serialization", "03.Serialization\03.Serialization.csproj", "{E6B21EEF-EA1A-41F1-B36D-AA68FF0B7CA0}"
EndProject
Project("{FAE04EC0-301F-11D3-BF4B-00C04F79EFBC}") = "04.Serialization", "04.Serialization\04.Serialization.csproj", "{1F276EAE-3AB4-426B-9EA6-277F8195A6F6}"
EndProject
Project("{FAE04EC0-301F-11D3-BF4B-00C04F79EFBC}") = "05.Serialization", "05.Binary\05.Serialization.csproj", "{C719A50B-154A-40F0-ABAF-BF9C01E3B805}"
EndProject
Project("{FAE04EC0-301F-11D3-BF4B-00C04F79EFBC}") = "06.Binary", "06.Binary\06.Binary.csproj", "{D16DA683-E056-4739-AFD1-3F4517BC2ED5}"
EndProject
Project("{FAE04EC0-301F-11D3-BF4B-00C04F79EFBC}") = "07.Binary", "07.Binary\07.Binary.csproj", "{C5A715F7-8A0A-4BF3-B160-83CBC1CD25CB}"
EndProject
Project("{FAE04EC0-301F-11D3-BF4B-00C04F79EFBC}") = "08.Binary", "08.Binary\08.Binary.csproj", "{11469AEF-FF48-4081-BEBB-61188EBF0182}"
EndProject
Project("{FAE04EC0-301F-11D3-BF4B-00C04F79EFBC}") = "09.JSON", "09.SOAP\09.JSON.csproj", "{9D024EB1-3602-4A9B-B276-B63DFC06B581}"
EndProject
Project("{FAE04EC0-301F-11D3-BF4B-00C04F79EFBC}") = "10.JSON", "10.JSON\10.JSON.csproj", "{7A956B0F-4C42-4E82-AAE1-70B2F46261A0}"
EndProject
Project("{FAE04EC0-301F-11D3-BF4B-00C04F79EFBC}") = "11.JSON", "11.JSON\11.JSON.csproj", "{5B8D1F0A-3AE2-4B27-925A-1B79165DF461}"
EndProject
Project("{FAE04EC0-301F-11D3-BF4B-00C04F79EFBC}") = "12.JSON", "12.JSON\12.JSON.csproj", "{15426672-028B-4E51-93E8-79E16525B589}"
EndProject
Project("{FAE04EC0-301F-11D3-BF4B-00C04F79EFBC}") = "13.JSON", "13.JSON\13.JSON.csproj", "{9EAE19A9-8E8D-468C-8002-21C8E71D771F}"
EndProject
Project("{FAE04EC0-301F-11D3-BF4B-00C04F79EFBC}") = "14.JSON", "14.JSON\14.JSON.csproj", "{2CCE9686-7E7C-4BBE-A999-BE1DC3D6BF74}"
EndProject
Project("{FAE04EC0-301F-11D3-BF4B-00C04F79EFBC}") = "15.Newtonsoft", "15.Newtonsoft\15.Newtonsoft.csproj", "{A7D82B55-F8FF-423F-B0BC-976F67B2AE9E}"
EndProject
Project("{FAE04EC0-301F-11D3-BF4B-00C04F79EFBC}") = "16.Newtonsoft", "16.Newtonsoft\16.Newtonsoft.csproj", "{FCF6B855-C931-4067-A455-95CFDCB648DF}"
EndProject
Project("{FAE04EC0-301F-11D3-BF4B-00C04F79EFBC}") = "17.ClassSerializationXML", "17.NonSerialized\17.ClassSerializationXML.csproj", "{039E4E7A-D739-4575-B18B-0A2EA7AF0DE2}"
EndProject
Project("{FAE04EC0-301F-11D3-BF4B-00C04F79EFBC}") = "18.ClassSerializationXML", "18.ClassSerializationXML\18.ClassSerializationXML.csproj", "{0F712250-F55B-4B4E-A982-F5BD7BFB3C34}"
EndProject
Project("{FAE04EC0-301F-11D3-BF4B-00C04F79EFBC}") = "19.SerializationDataSet", "19.SerializationDataSet\19.SerializationDataSet.csproj", "{6FEF10D8-3D46-4A0E-8F30-AB175C6B9FB4}"
EndProject
Global
	GlobalSection(SolutionConfigurationPlatforms) = preSolution
		Debug|Any CPU = Debug|Any CPU
		Release|Any CPU = Release|Any CPU
	EndGlobalSection
	GlobalSection(ProjectConfigurationPlatforms) = postSolution
		{BF2ECE9E-1B05-4E6E-B1EC-EA2E9A1F01D5}.Debug|Any CPU.ActiveCfg = Debug|Any CPU
		{BF2ECE9E-1B05-4E6E-B1EC-EA2E9A1F01D5}.Debug|Any CPU.Build.0 = Debug|Any CPU
		{BF2ECE9E-1B05-4E6E-B1EC-EA2E9A1F01D5}.Release|Any CPU.ActiveCfg = Release|Any CPU
		{BF2ECE9E-1B05-4E6E-B1EC-EA2E9A1F01D5}.Release|Any CPU.Build.0 = Release|Any CPU
		{2357DA88-925E-4813-80C5-60A896E90A96}.Debug|Any CPU.ActiveCfg = Debug|Any CPU
		{2357DA88-925E-4813-80C5-60A896E90A96}.Debug|Any CPU.Build.0 = Debug|Any CPU
		{2357DA88-925E-4813-80C5-60A896E90A96}.Release|Any CPU.ActiveCfg = Release|Any CPU
		{2357DA88-925E-4813-80C5-60A896E90A96}.Release|Any CPU.Build.0 = Release|Any CPU
		{E6B21EEF-EA1A-41F1-B36D-AA68FF0B7CA0}.Debug|Any CPU.ActiveCfg = Debug|Any CPU
		{E6B21EEF-EA1A-41F1-B36D-AA68FF0B7CA0}.Debug|Any CPU.Build.0 = Debug|Any CPU
		{E6B21EEF-EA1A-41F1-B36D-AA68FF0B7CA0}.Release|Any CPU.ActiveCfg = Release|Any CPU
		{E6B21EEF-EA1A-41F1-B36D-AA68FF0B7CA0}.Release|Any CPU.Build.0 = Release|Any CPU
		{1F276EAE-3AB4-426B-9EA6-277F8195A6F6}.Debug|Any CPU.ActiveCfg = Debug|Any CPU
		{1F276EAE-3AB4-426B-9EA6-277F8195A6F6}.Debug|Any CPU.Build.0 = Debug|Any CPU
		{1F276EAE-3AB4-426B-9EA6-277F8195A6F6}.Release|Any CPU.ActiveCfg = Release|Any CPU
		{1F276EAE-3AB4-426B-9EA6-277F8195A6F6}.Release|Any CPU.Build.0 = Release|Any CPU
		{C719A50B-154A-40F0-ABAF-BF9C01E3B805}.Debug|Any CPU.ActiveCfg = Debug|Any CPU
		{C719A50B-154A-40F0-ABAF-BF9C01E3B805}.Debug|Any CPU.Build.0 = Debug|Any CPU
		{C719A50B-154A-40F0-ABAF-BF9C01E3B805}.Release|Any CPU.ActiveCfg = Release|Any CPU
		{C719A50B-154A-40F0-ABAF-BF9C01E3B805}.Release|Any CPU.Build.0 = Release|Any CPU
		{D16DA683-E056-4739-AFD1-3F4517BC2ED5}.Debug|Any CPU.ActiveCfg = Debug|Any CPU
		{D16DA683-E056-4739-AFD1-3F4517BC2ED5}.Debug|Any CPU.Build.0 = Debug|Any CPU
		{D16DA683-E056-4739-AFD1-3F4517BC2ED5}.Release|Any CPU.ActiveCfg = Release|Any CPU
		{D16DA683-E056-4739-AFD1-3F4517BC2ED5}.Release|Any CPU.Build.0 = Release|Any CPU
		{C5A715F7-8A0A-4BF3-B160-83CBC1CD25CB}.Debug|Any CPU.ActiveCfg = Debug|Any CPU
		{C5A715F7-8A0A-4BF3-B160-83CBC1CD25CB}.Debug|Any CPU.Build.0 = Debug|Any CPU
		{C5A715F7-8A0A-4BF3-B160-83CBC1CD25CB}.Release|Any CPU.ActiveCfg = Release|Any CPU
		{C5A715F7-8A0A-4BF3-B160-83CBC1CD25CB}.Release|Any CPU.Build.0 = Release|Any CPU
		{11469AEF-FF48-4081-BEBB-61188EBF0182}.Debug|Any CPU.ActiveCfg = Debug|Any CPU
		{11469AEF-FF48-4081-BEBB-61188EBF0182}.Debug|Any CPU.Build.0 = Debug|Any CPU
		{11469AEF-FF48-4081-BEBB-61188EBF0182}.Release|Any CPU.ActiveCfg = Release|Any CPU
		{11469AEF-FF48-4081-BEBB-61188EBF0182}.Release|Any CPU.Build.0 = Release|Any CPU
		{9D024EB1-3602-4A9B-B276-B63DFC06B581}.Debug|Any CPU.ActiveCfg = Debug|Any CPU
		{9D024EB1-3602-4A9B-B276-B63DFC06B581}.Debug|Any CPU.Build.0 = Debug|Any CPU
		{9D024EB1-3602-4A9B-B276-B63DFC06B581}.Release|Any CPU.ActiveCfg = Release|Any CPU
		{9D024EB1-3602-4A9B-B276-B63DFC06B581}.Release|Any CPU.Build.0 = Release|Any CPU
		{7A956B0F-4C42-4E82-AAE1-70B2F46261A0}.Debug|Any CPU.ActiveCfg = Debug|Any CPU
		{7A956B0F-4C42-4E82-AAE1-70B2F46261A0}.Debug|Any CPU.Build.0 = Debug|Any CPU
		{7A956B0F-4C42-4E82-AAE1-70B2F46261A0}.Release|Any CPU.ActiveCfg = Release|Any CPU
		{7A956B0F-4C42-4E82-AAE1-70B2F46261A0}.Release|Any CPU.Build.0 = Release|Any CPU
		{5B8D1F0A-3AE2-4B27-925A-1B79165DF461}.Debug|Any CPU.ActiveCfg = Debug|Any CPU
		{5B8D1F0A-3AE2-4B27-925A-1B79165DF461}.Debug|Any CPU.Build.0 = Debug|Any CPU
		{5B8D1F0A-3AE2-4B27-925A-1B79165DF461}.Release|Any CPU.ActiveCfg = Release|Any CPU
		{5B8D1F0A-3AE2-4B27-925A-1B79165DF461}.Release|Any CPU.Build.0 = Release|Any CPU
		{15426672-028B-4E51-93E8-79E16525B589}.Debug|Any CPU.ActiveCfg = Debug|Any CPU
		{15426672-028B-4E51-93E8-79E16525B589}.Debug|Any CPU.Build.0 = Debug|Any CPU
		{15426672-028B-4E51-93E8-79E16525B589}.Release|Any CPU.ActiveCfg = Release|Any CPU
		{15426672-028B-4E51-93E8-79E16525B589}.Release|Any CPU.Build.0 = Release|Any CPU
		{9EAE19A9-8E8D-468C-8002-21C8E71D771F}.Debug|Any CPU.ActiveCfg = Debug|Any CPU
		{9EAE19A9-8E8D-468C-8002-21C8E71D771F}.Debug|Any CPU.Build.0 = Debug|Any CPU
		{9EAE19A9-8E8D-468C-8002-21C8E71D771F}.Release|Any CPU.ActiveCfg = Release|Any CPU
		{9EAE19A9-8E8D-468C-8002-21C8E71D771F}.Release|Any CPU.Build.0 = Release|Any CPU
		{2CCE9686-7E7C-4BBE-A999-BE1DC3D6BF74}.Debug|Any CPU.ActiveCfg = Debug|Any CPU
		{2CCE9686-7E7C-4BBE-A999-BE1DC3D6BF74}.Debug|Any CPU.Build.0 = Debug|Any CPU
		{2CCE9686-7E7C-4BBE-A999-BE1DC3D6BF74}.Release|Any CPU.ActiveCfg = Release|Any CPU
		{2CCE9686-7E7C-4BBE-A999-BE1DC3D6BF74}.Release|Any CPU.Build.0 = Release|Any CPU
		{A7D82B55-F8FF-423F-B0BC-976F67B2AE9E}.Debug|Any CPU.ActiveCfg = Debug|Any CPU
		{A7D82B55-F8FF-423F-B0BC-976F67B2AE9E}.Debug|Any CPU.Build.0 = Debug|Any CPU
		{A7D82B55-F8FF-423F-B0BC-976F67B2AE9E}.Release|Any CPU.ActiveCfg = Release|Any CPU
		{A7D82B55-F8FF-423F-B0BC-976F67B2AE9E}.Release|Any CPU.Build.0 = Release|Any CPU
		{FCF6B855-C931-4067-A455-95CFDCB648DF}.Debug|Any CPU.ActiveCfg = Debug|Any CPU
		{FCF6B855-C931-4067-A455-95CFDCB648DF}.Debug|Any CPU.Build.0 = Debug|Any CPU
		{FCF6B855-C931-4067-A455-95CFDCB648DF}.Release|Any CPU.ActiveCfg = Release|Any CPU
		{FCF6B855-C931-4067-A455-95CFDCB648DF}.Release|Any CPU.Build.0 = Release|Any CPU
		{039E4E7A-D739-4575-B18B-0A2EA7AF0DE2}.Debug|Any CPU.ActiveCfg = Debug|Any CPU
		{039E4E7A-D739-4575-B18B-0A2EA7AF0DE2}.Debug|Any CPU.Build.0 = Debug|Any CPU
		{039E4E7A-D739-4575-B18B-0A2EA7AF0DE2}.Release|Any CPU.ActiveCfg = Release|Any CPU
		{039E4E7A-D739-4575-B18B-0A2EA7AF0DE2}.Release|Any CPU.Build.0 = Release|Any CPU
		{0F712250-F55B-4B4E-A982-F5BD7BFB3C34}.Debug|Any CPU.ActiveCfg = Debug|Any CPU
		{0F712250-F55B-4B4E-A982-F5BD7BFB3C34}.Debug|Any CPU.Build.0 = Debug|Any CPU
		{0F712250-F55B-4B4E-A982-F5BD7BFB3C34}.Release|Any CPU.ActiveCfg = Release|Any CPU
		{0F712250-F55B-4B4E-A982-F5BD7BFB3C34}.Release|Any CPU.Build.0 = Release|Any CPU
		{6FEF10D8-3D46-4A0E-8F30-AB175C6B9FB4}.Debug|Any CPU.ActiveCfg = Debug|Any CPU
		{6FEF10D8-3D46-4A0E-8F30-AB175C6B9FB4}.Debug|Any CPU.Build.0 = Debug|Any CPU
		{6FEF10D8-3D46-4A0E-8F30-AB175C6B9FB4}.Release|Any CPU.ActiveCfg = Release|Any CPU
		{6FEF10D8-3D46-4A0E-8F30-AB175C6B9FB4}.Release|Any CPU.Build.0 = Release|Any CPU
	EndGlobalSection
	GlobalSection(SolutionProperties) = preSolution
		HideSolutionNode = FALSE
	EndGlobalSection
	GlobalSection(ExtensibilityGlobals) = postSolution
		SolutionGuid = {689A1798-95EF-4B5E-8A95-15E3CA4B1D76}
	EndGlobalSection
EndGlobal
